
Microsoft Visual Studio Solution File, Format Version 12.00
# Visual Studio Version 17
VisualStudioVersion = 17.13.35931.197 d17.13
MinimumVisualStudioVersion = 10.0.40219.1
Project("{FAE04EC0-301F-11D3-BF4B-00C04F79EFBC}") = "A2P2_1", "A2P2_1\A2P2_1.csproj", "{77288658-96FB-43A3-A2A2-DF31EE598EB5}"
EndProject
Global
	GlobalSection(SolutionConfigurationPlatforms) = preSolution
		Debug|Any CPU = Debug|Any CPU
		Release|Any CPU = Release|Any CPU
	EndGlobalSection
	GlobalSection(ProjectConfigurationPlatforms) = postSolution
		{77288658-96FB-43A3-A2A2-DF31EE598EB5}.Debug|Any CPU.ActiveCfg = Debug|Any CPU
		{77288658-96FB-43A3-A2A2-DF31EE598EB5}.Debug|Any CPU.Build.0 = Debug|Any CPU
		{77288658-96FB-43A3-A2A2-DF31EE598EB5}.Release|Any CPU.ActiveCfg = Release|Any CPU
		{77288658-96FB-43A3-A2A2-DF31EE598EB5}.Release|Any CPU.Build.0 = Release|Any CPU
	EndGlobalSection
	GlobalSection(SolutionProperties) = preSolution
		HideSolutionNode = FALSE
	EndGlobalSection
	GlobalSection(ExtensibilityGlobals) = postSolution
		SolutionGuid = {9A692044-E142-4199-8D35-0DB411B6A4FA}
	EndGlobalSection
EndGlobal
